
Microsoft Visual Studio Solution File, Format Version 12.00
# Visual Studio 15
VisualStudioVersion = 15.0.28307.757
MinimumVisualStudioVersion = 10.0.40219.1
Project("{FAE04EC0-301F-11D3-BF4B-00C04F79EFBC}") = "CustomerMicroservices.Address", "CustomerMicroservices.Address\CustomerMicroservices.Address.csproj", "{D3342CE5-79CE-43CC-A5B6-8E42EA97B673}"
EndProject
Project("{FAE04EC0-301F-11D3-BF4B-00C04F79EFBC}") = "CustomerMicroservices.Address.Tests", "CustomerMicroservices.Address.Tests\CustomerMicroservices.Address.Tests.csproj", "{9D393F5D-9331-4CD1-9CE9-B35D9D405D32}"
EndProject
Global
	GlobalSection(SolutionConfigurationPlatforms) = preSolution
		Debug|Any CPU = Debug|Any CPU
		Release|Any CPU = Release|Any CPU
	EndGlobalSection
	GlobalSection(ProjectConfigurationPlatforms) = postSolution
		{D3342CE5-79CE-43CC-A5B6-8E42EA97B673}.Debug|Any CPU.ActiveCfg = Debug|Any CPU
		{D3342CE5-79CE-43CC-A5B6-8E42EA97B673}.Debug|Any CPU.Build.0 = Debug|Any CPU
		{D3342CE5-79CE-43CC-A5B6-8E42EA97B673}.Release|Any CPU.ActiveCfg = Release|Any CPU
		{D3342CE5-79CE-43CC-A5B6-8E42EA97B673}.Release|Any CPU.Build.0 = Release|Any CPU
		{9D393F5D-9331-4CD1-9CE9-B35D9D405D32}.Debug|Any CPU.ActiveCfg = Debug|Any CPU
		{9D393F5D-9331-4CD1-9CE9-B35D9D405D32}.Debug|Any CPU.Build.0 = Debug|Any CPU
		{9D393F5D-9331-4CD1-9CE9-B35D9D405D32}.Release|Any CPU.ActiveCfg = Release|Any CPU
		{9D393F5D-9331-4CD1-9CE9-B35D9D405D32}.Release|Any CPU.Build.0 = Release|Any CPU
	EndGlobalSection
	GlobalSection(SolutionProperties) = preSolution
		HideSolutionNode = FALSE
	EndGlobalSection
	GlobalSection(ExtensibilityGlobals) = postSolution
		SolutionGuid = {E8FB8792-EC22-4CB4-9F03-ED691FC0CC8E}
	EndGlobalSection
EndGlobal
